// !$*UTF8*$!
{
	archiveVersion = 1;
	classes = {
	};
	objectVersion = 50;
	objects = {

/* Begin PBXBuildFile section */
		54173F5824B30C9A00A5A8A7 /* Node.swift in Sources */ = {isa = PBXBuildFile; fileRef = 54173F5724B30C9A00A5A8A7 /* Node.swift */; };
		54173F5A24B30CB100A5A8A7 /* NodeWrapper.swift in Sources */ = {isa = PBXBuildFile; fileRef = 54173F5924B30CB100A5A8A7 /* NodeWrapper.swift */; };
		54173F5C24B30DD400A5A8A7 /* FirstCollection.swift in Sources */ = {isa = PBXBuildFile; fileRef = 54173F5B24B30DD400A5A8A7 /* FirstCollection.swift */; };
		54173F5E24B30E1000A5A8A7 /* FollowCollection.swift in Sources */ = {isa = PBXBuildFile; fileRef = 54173F5D24B30E1000A5A8A7 /* FollowCollection.swift */; };
		54173F6024B3207E00A5A8A7 /* Lexer.swift in Sources */ = {isa = PBXBuildFile; fileRef = 54173F5F24B3207E00A5A8A7 /* Lexer.swift */; };
		54173F6224B41EDF00A5A8A7 /* Production.swift in Sources */ = {isa = PBXBuildFile; fileRef = 54173F6124B41EDF00A5A8A7 /* Production.swift */; };
		54173F6424B4201200A5A8A7 /* LLAnalyticTable.swift in Sources */ = {isa = PBXBuildFile; fileRef = 54173F6324B4201200A5A8A7 /* LLAnalyticTable.swift */; };
		54972F9624B6BE8F0093AD4E /* ParseCollectionConstructor.swift in Sources */ = {isa = PBXBuildFile; fileRef = 54972F9524B6BE8F0093AD4E /* ParseCollectionConstructor.swift */; };
		54972F9924B6BFD20093AD4E /* LLParseCollectionConstructor.swift in Sources */ = {isa = PBXBuildFile; fileRef = 54972F9824B6BFD20093AD4E /* LLParseCollectionConstructor.swift */; };
		54972F9B24B6C2E60093AD4E /* LRParseCollectionConstructor.swift in Sources */ = {isa = PBXBuildFile; fileRef = 54972F9A24B6C2E60093AD4E /* LRParseCollectionConstructor.swift */; };
		54972F9D24B80F530093AD4E /* Parser.swift in Sources */ = {isa = PBXBuildFile; fileRef = 54972F9C24B80F530093AD4E /* Parser.swift */; };
		54972F9F24B813090093AD4E /* LRParser.swift in Sources */ = {isa = PBXBuildFile; fileRef = 54972F9E24B813090093AD4E /* LRParser.swift */; };
		54A42AB524B5A2CD005725C1 /* ParserBuilder.swift in Sources */ = {isa = PBXBuildFile; fileRef = 54A42AB424B5A2CD005725C1 /* ParserBuilder.swift */; };
		D75DFE2524B0893E006F33FF /* main.swift in Sources */ = {isa = PBXBuildFile; fileRef = D75DFE2424B0893E006F33FF /* main.swift */; };
		D75DFE2C24B08981006F33FF /* LLParser.swift in Sources */ = {isa = PBXBuildFile; fileRef = D75DFE2B24B08981006F33FF /* LLParser.swift */; };
/* End PBXBuildFile section */

/* Begin PBXCopyFilesBuildPhase section */
		D75DFE1F24B0893E006F33FF /* CopyFiles */ = {
			isa = PBXCopyFilesBuildPhase;
			buildActionMask = 2147483647;
			dstPath = /usr/share/man/man1/;
			dstSubfolderSpec = 0;
			files = (
			);
			runOnlyForDeploymentPostprocessing = 1;
		};
/* End PBXCopyFilesBuildPhase section */

/* Begin PBXFileReference section */
		54173F5724B30C9A00A5A8A7 /* Node.swift */ = {isa = PBXFileReference; lastKnownFileType = sourcecode.swift; path = Node.swift; sourceTree = "<group>"; };
		54173F5924B30CB100A5A8A7 /* NodeWrapper.swift */ = {isa = PBXFileReference; lastKnownFileType = sourcecode.swift; path = NodeWrapper.swift; sourceTree = "<group>"; };
		54173F5B24B30DD400A5A8A7 /* FirstCollection.swift */ = {isa = PBXFileReference; lastKnownFileType = sourcecode.swift; path = FirstCollection.swift; sourceTree = "<group>"; };
		54173F5D24B30E1000A5A8A7 /* FollowCollection.swift */ = {isa = PBXFileReference; lastKnownFileType = sourcecode.swift; path = FollowCollection.swift; sourceTree = "<group>"; };
		54173F5F24B3207E00A5A8A7 /* Lexer.swift */ = {isa = PBXFileReference; lastKnownFileType = sourcecode.swift; path = Lexer.swift; sourceTree = "<group>"; };
		54173F6124B41EDF00A5A8A7 /* Production.swift */ = {isa = PBXFileReference; lastKnownFileType = sourcecode.swift; path = Production.swift; sourceTree = "<group>"; };
		54173F6324B4201200A5A8A7 /* LLAnalyticTable.swift */ = {isa = PBXFileReference; lastKnownFileType = sourcecode.swift; path = LLAnalyticTable.swift; sourceTree = "<group>"; };
		54972F9524B6BE8F0093AD4E /* ParseCollectionConstructor.swift */ = {isa = PBXFileReference; lastKnownFileType = sourcecode.swift; path = ParseCollectionConstructor.swift; sourceTree = "<group>"; };
		54972F9824B6BFD20093AD4E /* LLParseCollectionConstructor.swift */ = {isa = PBXFileReference; lastKnownFileType = sourcecode.swift; path = LLParseCollectionConstructor.swift; sourceTree = "<group>"; };
		54972F9A24B6C2E60093AD4E /* LRParseCollectionConstructor.swift */ = {isa = PBXFileReference; lastKnownFileType = sourcecode.swift; path = LRParseCollectionConstructor.swift; sourceTree = "<group>"; };
		54972F9C24B80F530093AD4E /* Parser.swift */ = {isa = PBXFileReference; lastKnownFileType = sourcecode.swift; path = Parser.swift; sourceTree = "<group>"; };
		54972F9E24B813090093AD4E /* LRParser.swift */ = {isa = PBXFileReference; lastKnownFileType = sourcecode.swift; path = LRParser.swift; sourceTree = "<group>"; };
		54A42AB424B5A2CD005725C1 /* ParserBuilder.swift */ = {isa = PBXFileReference; lastKnownFileType = sourcecode.swift; path = ParserBuilder.swift; sourceTree = "<group>"; };
		D75DFE2124B0893E006F33FF /* CompilerStudy */ = {isa = PBXFileReference; explicitFileType = "compiled.mach-o.executable"; includeInIndex = 0; path = CompilerStudy; sourceTree = BUILT_PRODUCTS_DIR; };
		D75DFE2424B0893E006F33FF /* main.swift */ = {isa = PBXFileReference; lastKnownFileType = sourcecode.swift; path = main.swift; sourceTree = "<group>"; };
		D75DFE2B24B08981006F33FF /* LLParser.swift */ = {isa = PBXFileReference; fileEncoding = 4; lastKnownFileType = sourcecode.swift; path = LLParser.swift; sourceTree = "<group>"; };
/* End PBXFileReference section */

/* Begin PBXFrameworksBuildPhase section */
		D75DFE1E24B0893E006F33FF /* Frameworks */ = {
			isa = PBXFrameworksBuildPhase;
			buildActionMask = 2147483647;
			files = (
			);
			runOnlyForDeploymentPostprocessing = 0;
		};
/* End PBXFrameworksBuildPhase section */

/* Begin PBXGroup section */
		54173F5624B30C7E00A5A8A7 /* Parser */ = {
			isa = PBXGroup;
			children = (
				54A42AB324B5A1D3005725C1 /* LLParser */,
				54972F9424B6B9620093AD4E /* LRParser */,
				54972F9724B6BFA70093AD4E /* ParserConstructor */,
				54173F5724B30C9A00A5A8A7 /* Node.swift */,
				54173F5924B30CB100A5A8A7 /* NodeWrapper.swift */,
				54173F6124B41EDF00A5A8A7 /* Production.swift */,
				54A42AB424B5A2CD005725C1 /* ParserBuilder.swift */,
				54972F9C24B80F530093AD4E /* Parser.swift */,
			);
			path = Parser;
			sourceTree = "<group>";
		};
		54972F9424B6B9620093AD4E /* LRParser */ = {
			isa = PBXGroup;
			children = (
				54972F9A24B6C2E60093AD4E /* LRParseCollectionConstructor.swift */,
				54972F9E24B813090093AD4E /* LRParser.swift */,
			);
			path = LRParser;
			sourceTree = "<group>";
		};
		54972F9724B6BFA70093AD4E /* ParserConstructor */ = {
			isa = PBXGroup;
			children = (
				54972F9524B6BE8F0093AD4E /* ParseCollectionConstructor.swift */,
				54173F5B24B30DD400A5A8A7 /* FirstCollection.swift */,
				54173F5D24B30E1000A5A8A7 /* FollowCollection.swift */,
			);
			path = ParserConstructor;
			sourceTree = "<group>";
		};
		54A42AB324B5A1D3005725C1 /* LLParser */ = {
			isa = PBXGroup;
			children = (
				D75DFE2B24B08981006F33FF /* LLParser.swift */,
				54173F6324B4201200A5A8A7 /* LLAnalyticTable.swift */,
				54972F9824B6BFD20093AD4E /* LLParseCollectionConstructor.swift */,
			);
			path = LLParser;
			sourceTree = "<group>";
		};
		54A42AB624B5A39E005725C1 /* Lexer */ = {
			isa = PBXGroup;
			children = (
				54173F5F24B3207E00A5A8A7 /* Lexer.swift */,
			);
			path = Lexer;
			sourceTree = "<group>";
		};
		D75DFE1824B0893D006F33FF = {
			isa = PBXGroup;
			children = (
				D75DFE2324B0893E006F33FF /* CompilerStudy */,
				D75DFE2224B0893E006F33FF /* Products */,
			);
			sourceTree = "<group>";
		};
		D75DFE2224B0893E006F33FF /* Products */ = {
			isa = PBXGroup;
			children = (
				D75DFE2124B0893E006F33FF /* CompilerStudy */,
			);
			name = Products;
			sourceTree = "<group>";
		};
		D75DFE2324B0893E006F33FF /* CompilerStudy */ = {
			isa = PBXGroup;
			children = (
				54A42AB624B5A39E005725C1 /* Lexer */,
				54173F5624B30C7E00A5A8A7 /* Parser */,
				D75DFE2424B0893E006F33FF /* main.swift */,
			);
			path = CompilerStudy;
			sourceTree = "<group>";
		};
/* End PBXGroup section */

/* Begin PBXNativeTarget section */
		D75DFE2024B0893E006F33FF /* CompilerStudy */ = {
			isa = PBXNativeTarget;
			buildConfigurationList = D75DFE2824B0893E006F33FF /* Build configuration list for PBXNativeTarget "CompilerStudy" */;
			buildPhases = (
				D75DFE1D24B0893E006F33FF /* Sources */,
				D75DFE1E24B0893E006F33FF /* Frameworks */,
				D75DFE1F24B0893E006F33FF /* CopyFiles */,
			);
			buildRules = (
			);
			dependencies = (
			);
			name = CompilerStudy;
			productName = CompilerStudy;
			productReference = D75DFE2124B0893E006F33FF /* CompilerStudy */;
			productType = "com.apple.product-type.tool";
		};
/* End PBXNativeTarget section */

/* Begin PBXProject section */
		D75DFE1924B0893D006F33FF /* Project object */ = {
			isa = PBXProject;
			attributes = {
				LastSwiftUpdateCheck = 1140;
				LastUpgradeCheck = 1140;
				ORGANIZATIONNAME = wentilin;
				TargetAttributes = {
					D75DFE2024B0893E006F33FF = {
						CreatedOnToolsVersion = 11.4;
					};
				};
			};
			buildConfigurationList = D75DFE1C24B0893D006F33FF /* Build configuration list for PBXProject "CompilerStudy" */;
			compatibilityVersion = "Xcode 9.3";
			developmentRegion = en;
			hasScannedForEncodings = 0;
			knownRegions = (
				en,
				Base,
			);
			mainGroup = D75DFE1824B0893D006F33FF;
			productRefGroup = D75DFE2224B0893E006F33FF /* Products */;
			projectDirPath = "";
			projectRoot = "";
			targets = (
				D75DFE2024B0893E006F33FF /* CompilerStudy */,
			);
		};
/* End PBXProject section */

/* Begin PBXSourcesBuildPhase section */
		D75DFE1D24B0893E006F33FF /* Sources */ = {
			isa = PBXSourcesBuildPhase;
			buildActionMask = 2147483647;
			files = (
				54173F5824B30C9A00A5A8A7 /* Node.swift in Sources */,
				54173F6024B3207E00A5A8A7 /* Lexer.swift in Sources */,
				54173F6224B41EDF00A5A8A7 /* Production.swift in Sources */,
				D75DFE2C24B08981006F33FF /* LLParser.swift in Sources */,
				54173F6424B4201200A5A8A7 /* LLAnalyticTable.swift in Sources */,
				54A42AB524B5A2CD005725C1 /* ParserBuilder.swift in Sources */,
				54972F9D24B80F530093AD4E /* Parser.swift in Sources */,
				54972F9924B6BFD20093AD4E /* LLParseCollectionConstructor.swift in Sources */,
				54972F9B24B6C2E60093AD4E /* LRParseCollectionConstructor.swift in Sources */,
				54173F5C24B30DD400A5A8A7 /* FirstCollection.swift in Sources */,
				D75DFE2524B0893E006F33FF /* main.swift in Sources */,
				54972F9624B6BE8F0093AD4E /* ParseCollectionConstructor.swift in Sources */,
				54972F9F24B813090093AD4E /* LRParser.swift in Sources */,
				54173F5E24B30E1000A5A8A7 /* FollowCollection.swift in Sources */,
				54173F5A24B30CB100A5A8A7 /* NodeWrapper.swift in Sources */,
			);
			runOnlyForDeploymentPostprocessing = 0;
		};
/* End PBXSourcesBuildPhase section */

/* Begin XCBuildConfiguration section */
		D75DFE2624B0893E006F33FF /* Debug */ = {
			isa = XCBuildConfiguration;
			buildSettings = {
				ALWAYS_SEARCH_USER_PATHS = NO;
				CLANG_ANALYZER_NONNULL = YES;
				CLANG_ANALYZER_NUMBER_OBJECT_CONVERSION = YES_AGGRESSIVE;
				CLANG_CXX_LANGUAGE_STANDARD = "gnu++14";
				CLANG_CXX_LIBRARY = "libc++";
				CLANG_ENABLE_MODULES = YES;
				CLANG_ENABLE_OBJC_ARC = YES;
				CLANG_ENABLE_OBJC_WEAK = YES;
				CLANG_WARN_BLOCK_CAPTURE_AUTORELEASING = YES;
				CLANG_WARN_BOOL_CONVERSION = YES;
				CLANG_WARN_COMMA = YES;
				CLANG_WARN_CONSTANT_CONVERSION = YES;
				CLANG_WARN_DEPRECATED_OBJC_IMPLEMENTATIONS = YES;
				CLANG_WARN_DIRECT_OBJC_ISA_USAGE = YES_ERROR;
				CLANG_WARN_DOCUMENTATION_COMMENTS = YES;
				CLANG_WARN_EMPTY_BODY = YES;
				CLANG_WARN_ENUM_CONVERSION = YES;
				CLANG_WARN_INFINITE_RECURSION = YES;
				CLANG_WARN_INT_CONVERSION = YES;
				CLANG_WARN_NON_LITERAL_NULL_CONVERSION = YES;
				CLANG_WARN_OBJC_IMPLICIT_RETAIN_SELF = YES;
				CLANG_WARN_OBJC_LITERAL_CONVERSION = YES;
				CLANG_WARN_OBJC_ROOT_CLASS = YES_ERROR;
				CLANG_WARN_RANGE_LOOP_ANALYSIS = YES;
				CLANG_WARN_STRICT_PROTOTYPES = YES;
				CLANG_WARN_SUSPICIOUS_MOVE = YES;
				CLANG_WARN_UNGUARDED_AVAILABILITY = YES_AGGRESSIVE;
				CLANG_WARN_UNREACHABLE_CODE = YES;
				CLANG_WARN__DUPLICATE_METHOD_MATCH = YES;
				COPY_PHASE_STRIP = NO;
				DEBUG_INFORMATION_FORMAT = dwarf;
				ENABLE_STRICT_OBJC_MSGSEND = YES;
				ENABLE_TESTABILITY = YES;
				GCC_C_LANGUAGE_STANDARD = gnu11;
				GCC_DYNAMIC_NO_PIC = NO;
				GCC_NO_COMMON_BLOCKS = YES;
				GCC_OPTIMIZATION_LEVEL = 0;
				GCC_PREPROCESSOR_DEFINITIONS = (
					"DEBUG=1",
					"$(inherited)",
				);
				GCC_WARN_64_TO_32_BIT_CONVERSION = YES;
				GCC_WARN_ABOUT_RETURN_TYPE = YES_ERROR;
				GCC_WARN_UNDECLARED_SELECTOR = YES;
				GCC_WARN_UNINITIALIZED_AUTOS = YES_AGGRESSIVE;
				GCC_WARN_UNUSED_FUNCTION = YES;
				GCC_WARN_UNUSED_VARIABLE = YES;
				MACOSX_DEPLOYMENT_TARGET = 10.15;
				MTL_ENABLE_DEBUG_INFO = INCLUDE_SOURCE;
				MTL_FAST_MATH = YES;
				ONLY_ACTIVE_ARCH = YES;
				SDKROOT = macosx;
				SWIFT_ACTIVE_COMPILATION_CONDITIONS = DEBUG;
				SWIFT_OPTIMIZATION_LEVEL = "-Onone";
			};
			name = Debug;
		};
		D75DFE2724B0893E006F33FF /* Release */ = {
			isa = XCBuildConfiguration;
			buildSettings = {
				ALWAYS_SEARCH_USER_PATHS = NO;
				CLANG_ANALYZER_NONNULL = YES;
				CLANG_ANALYZER_NUMBER_OBJECT_CONVERSION = YES_AGGRESSIVE;
				CLANG_CXX_LANGUAGE_STANDARD = "gnu++14";
				CLANG_CXX_LIBRARY = "libc++";
				CLANG_ENABLE_MODULES = YES;
				CLANG_ENABLE_OBJC_ARC = YES;
				CLANG_ENABLE_OBJC_WEAK = YES;
				CLANG_WARN_BLOCK_CAPTURE_AUTORELEASING = YES;
				CLANG_WARN_BOOL_CONVERSION = YES;
				CLANG_WARN_COMMA = YES;
				CLANG_WARN_CONSTANT_CONVERSION = YES;
				CLANG_WARN_DEPRECATED_OBJC_IMPLEMENTATIONS = YES;
				CLANG_WARN_DIRECT_OBJC_ISA_USAGE = YES_ERROR;
				CLANG_WARN_DOCUMENTATION_COMMENTS = YES;
				CLANG_WARN_EMPTY_BODY = YES;
				CLANG_WARN_ENUM_CONVERSION = YES;
				CLANG_WARN_INFINITE_RECURSION = YES;
				CLANG_WARN_INT_CONVERSION = YES;
				CLANG_WARN_NON_LITERAL_NULL_CONVERSION = YES;
				CLANG_WARN_OBJC_IMPLICIT_RETAIN_SELF = YES;
				CLANG_WARN_OBJC_LITERAL_CONVERSION = YES;
				CLANG_WARN_OBJC_ROOT_CLASS = YES_ERROR;
				CLANG_WARN_RANGE_LOOP_ANALYSIS = YES;
				CLANG_WARN_STRICT_PROTOTYPES = YES;
				CLANG_WARN_SUSPICIOUS_MOVE = YES;
				CLANG_WARN_UNGUARDED_AVAILABILITY = YES_AGGRESSIVE;
				CLANG_WARN_UNREACHABLE_CODE = YES;
				CLANG_WARN__DUPLICATE_METHOD_MATCH = YES;
				COPY_PHASE_STRIP = NO;
				DEBUG_INFORMATION_FORMAT = "dwarf-with-dsym";
				ENABLE_NS_ASSERTIONS = NO;
				ENABLE_STRICT_OBJC_MSGSEND = YES;
				GCC_C_LANGUAGE_STANDARD = gnu11;
				GCC_NO_COMMON_BLOCKS = YES;
				GCC_WARN_64_TO_32_BIT_CONVERSION = YES;
				GCC_WARN_ABOUT_RETURN_TYPE = YES_ERROR;
				GCC_WARN_UNDECLARED_SELECTOR = YES;
				GCC_WARN_UNINITIALIZED_AUTOS = YES_AGGRESSIVE;
				GCC_WARN_UNUSED_FUNCTION = YES;
				GCC_WARN_UNUSED_VARIABLE = YES;
				MACOSX_DEPLOYMENT_TARGET = 10.15;
				MTL_ENABLE_DEBUG_INFO = NO;
				MTL_FAST_MATH = YES;
				SDKROOT = macosx;
				SWIFT_COMPILATION_MODE = wholemodule;
				SWIFT_OPTIMIZATION_LEVEL = "-O";
			};
			name = Release;
		};
		D75DFE2924B0893E006F33FF /* Debug */ = {
			isa = XCBuildConfiguration;
			buildSettings = {
				CODE_SIGN_STYLE = Automatic;
				DEVELOPMENT_TEAM = 8VBF894SB3;
				ENABLE_HARDENED_RUNTIME = YES;
				PRODUCT_NAME = "$(TARGET_NAME)";
				SWIFT_VERSION = 5.0;
			};
			name = Debug;
		};
		D75DFE2A24B0893E006F33FF /* Release */ = {
			isa = XCBuildConfiguration;
			buildSettings = {
				CODE_SIGN_STYLE = Automatic;
				DEVELOPMENT_TEAM = 8VBF894SB3;
				ENABLE_HARDENED_RUNTIME = YES;
				PRODUCT_NAME = "$(TARGET_NAME)";
				SWIFT_VERSION = 5.0;
			};
			name = Release;
		};
/* End XCBuildConfiguration section */

/* Begin XCConfigurationList section */
		D75DFE1C24B0893D006F33FF /* Build configuration list for PBXProject "CompilerStudy" */ = {
			isa = XCConfigurationList;
			buildConfigurations = (
				D75DFE2624B0893E006F33FF /* Debug */,
				D75DFE2724B0893E006F33FF /* Release */,
			);
			defaultConfigurationIsVisible = 0;
			defaultConfigurationName = Release;
		};
		D75DFE2824B0893E006F33FF /* Build configuration list for PBXNativeTarget "CompilerStudy" */ = {
			isa = XCConfigurationList;
			buildConfigurations = (
				D75DFE2924B0893E006F33FF /* Debug */,
				D75DFE2A24B0893E006F33FF /* Release */,
			);
			defaultConfigurationIsVisible = 0;
			defaultConfigurationName = Release;
		};
/* End XCConfigurationList section */
	};
	rootObject = D75DFE1924B0893D006F33FF /* Project object */;
}
